{
  "name": "supersimple",
  "version": "1.0.0",
  "lockfileVersion": 1,
  "requires": true,
  "dependencies": {
    "kokopu": {
      "version": "1.7.3",
      "resolved": "https://registry.npmjs.org/kokopu/-/kokopu-1.7.3.tgz",
      "integrity": "sha512-S1Gm4uU2WU2im1LmEob6rn6Shob9gBOhA5iHVCqB7GGgYAHLsjdkiPwWT9u4553QEc6tGzgZNymH8JcMBnbQsQ=="
    }
  }
}
